// !$*UTF8*$!
{
	archiveVersion = 1;
	classes = {
	};
	objectVersion = 46;
	objects = {

/* Begin PBXBuildFile section */
		0CF6813A46FD5F82AAEFB34A /* Pods_BilibiliUITests.framework in Frameworks */ = {isa = PBXBuildFile; fileRef = D61C89C3EED9E9E8E68DDF4A /* Pods_BilibiliUITests.framework */; };
		7081C6E511BF1ED74FCF1DFD /* Pods_Bilibili.framework in Frameworks */ = {isa = PBXBuildFile; fileRef = 19CCD7587ED9F33B805C308C /* Pods_Bilibili.framework */; };
		85AA3223E38682FF5F221C4D /* Pods_BilibiliTests.framework in Frameworks */ = {isa = PBXBuildFile; fileRef = 0E071E5AAB526F57261B626B /* Pods_BilibiliTests.framework */; };
		987C6A111E72974A00B28199 /* BilibiliAPI.framework in Frameworks */ = {isa = PBXBuildFile; fileRef = 987C6A101E72974A00B28199 /* BilibiliAPI.framework */; };
		987C6A121E72974A00B28199 /* BilibiliAPI.framework in Embed Frameworks */ = {isa = PBXBuildFile; fileRef = 987C6A101E72974A00B28199 /* BilibiliAPI.framework */; settings = {ATTRIBUTES = (CodeSignOnCopy, RemoveHeadersOnCopy, ); }; };
		DF82265E1E696A3E00C88679 /* iPhone.storyboard in Resources */ = {isa = PBXBuildFile; fileRef = DF82265C1E696A3E00C88679 /* iPhone.storyboard */; };
		DF8226601E696A3E00C88679 /* Assets.xcassets in Resources */ = {isa = PBXBuildFile; fileRef = DF82265F1E696A3E00C88679 /* Assets.xcassets */; };
		DF8226631E696A3E00C88679 /* LaunchScreen.storyboard in Resources */ = {isa = PBXBuildFile; fileRef = DF8226611E696A3E00C88679 /* LaunchScreen.storyboard */; };
		DF82266E1E696A3E00C88679 /* BilibiliTests.swift in Sources */ = {isa = PBXBuildFile; fileRef = DF82266D1E696A3E00C88679 /* BilibiliTests.swift */; };
		DF8226791E696A3E00C88679 /* BilibiliUITests.swift in Sources */ = {isa = PBXBuildFile; fileRef = DF8226781E696A3E00C88679 /* BilibiliUITests.swift */; };
		DF8226941E696D4A00C88679 /* AppDelegate.swift in Sources */ = {isa = PBXBuildFile; fileRef = DF8226871E696D4A00C88679 /* AppDelegate.swift */; };
		DF8226951E696D4A00C88679 /* FirstViewController.swift in Sources */ = {isa = PBXBuildFile; fileRef = DF8226881E696D4A00C88679 /* FirstViewController.swift */; };
		DF8226961E696D4A00C88679 /* SecondViewController.swift in Sources */ = {isa = PBXBuildFile; fileRef = DF8226891E696D4A00C88679 /* SecondViewController.swift */; };
		DF8226971E696D4A00C88679 /* Account.swift in Sources */ = {isa = PBXBuildFile; fileRef = DF8226901E696D4A00C88679 /* Account.swift */; };
		DF8226981E696D4A00C88679 /* AccountManager.swift in Sources */ = {isa = PBXBuildFile; fileRef = DF8226911E696D4A00C88679 /* AccountManager.swift */; };
		DF82269F1E697DB400C88679 /* R.generated.swift in Sources */ = {isa = PBXBuildFile; fileRef = DF82269E1E697DB400C88679 /* R.generated.swift */; };
		DF8226A01E697DE300C88679 /* Localizable.strings in Resources */ = {isa = PBXBuildFile; fileRef = DF8226A21E697DE300C88679 /* Localizable.strings */; };
		DF8226A51E697E0500C88679 /* Localizable.stringsdict in Resources */ = {isa = PBXBuildFile; fileRef = DF8226A71E697E0500C88679 /* Localizable.stringsdict */; };
/* End PBXBuildFile section */

/* Begin PBXContainerItemProxy section */
		DF82266A1E696A3E00C88679 /* PBXContainerItemProxy */ = {
			isa = PBXContainerItemProxy;
			containerPortal = DF82264B1E696A3E00C88679 /* Project object */;
			proxyType = 1;
			remoteGlobalIDString = DF8226521E696A3E00C88679;
			remoteInfo = Bilibili;
		};
		DF8226751E696A3E00C88679 /* PBXContainerItemProxy */ = {
			isa = PBXContainerItemProxy;
			containerPortal = DF82264B1E696A3E00C88679 /* Project object */;
			proxyType = 1;
			remoteGlobalIDString = DF8226521E696A3E00C88679;
			remoteInfo = Bilibili;
		};
/* End PBXContainerItemProxy section */

/* Begin PBXCopyFilesBuildPhase section */
		987C6A131E72974B00B28199 /* Embed Frameworks */ = {
			isa = PBXCopyFilesBuildPhase;
			buildActionMask = 2147483647;
			dstPath = "";
			dstSubfolderSpec = 10;
			files = (
				987C6A121E72974A00B28199 /* BilibiliAPI.framework in Embed Frameworks */,
			);
			name = "Embed Frameworks";
			runOnlyForDeploymentPostprocessing = 0;
		};
/* End PBXCopyFilesBuildPhase section */

/* Begin PBXFileReference section */
		0E071E5AAB526F57261B626B /* Pods_BilibiliTests.framework */ = {isa = PBXFileReference; explicitFileType = wrapper.framework; includeInIndex = 0; path = Pods_BilibiliTests.framework; sourceTree = BUILT_PRODUCTS_DIR; };
		19CCD7587ED9F33B805C308C /* Pods_Bilibili.framework */ = {isa = PBXFileReference; explicitFileType = wrapper.framework; includeInIndex = 0; path = Pods_Bilibili.framework; sourceTree = BUILT_PRODUCTS_DIR; };
		2C9B554E8E9EA56439F71B44 /* Pods-BilibiliUITests.release.xcconfig */ = {isa = PBXFileReference; includeInIndex = 1; lastKnownFileType = text.xcconfig; name = "Pods-BilibiliUITests.release.xcconfig"; path = "../Pods/Target Support Files/Pods-BilibiliUITests/Pods-BilibiliUITests.release.xcconfig"; sourceTree = "<group>"; };
		47F79A037D40E834E5A41379 /* Pods-Bilibili.debug.xcconfig */ = {isa = PBXFileReference; includeInIndex = 1; lastKnownFileType = text.xcconfig; name = "Pods-Bilibili.debug.xcconfig"; path = "../Pods/Target Support Files/Pods-Bilibili/Pods-Bilibili.debug.xcconfig"; sourceTree = "<group>"; };
		79A81944F7B38A2051511A2B /* Pods-BilibiliTests.debug.xcconfig */ = {isa = PBXFileReference; includeInIndex = 1; lastKnownFileType = text.xcconfig; name = "Pods-BilibiliTests.debug.xcconfig"; path = "../Pods/Target Support Files/Pods-BilibiliTests/Pods-BilibiliTests.debug.xcconfig"; sourceTree = "<group>"; };
		987C6A101E72974A00B28199 /* BilibiliAPI.framework */ = {isa = PBXFileReference; explicitFileType = wrapper.framework; path = BilibiliAPI.framework; sourceTree = BUILT_PRODUCTS_DIR; };
		9F3D8C91AFE58189A27A094E /* Pods-BilibiliUITests.debug.xcconfig */ = {isa = PBXFileReference; includeInIndex = 1; lastKnownFileType = text.xcconfig; name = "Pods-BilibiliUITests.debug.xcconfig"; path = "../Pods/Target Support Files/Pods-BilibiliUITests/Pods-BilibiliUITests.debug.xcconfig"; sourceTree = "<group>"; };
		A88E28E78B94EE9CE34D6DE5 /* Pods-Bilibili.release.xcconfig */ = {isa = PBXFileReference; includeInIndex = 1; lastKnownFileType = text.xcconfig; name = "Pods-Bilibili.release.xcconfig"; path = "../Pods/Target Support Files/Pods-Bilibili/Pods-Bilibili.release.xcconfig"; sourceTree = "<group>"; };
		C58884E704897A6C804015C3 /* Pods-BilibiliTests.release.xcconfig */ = {isa = PBXFileReference; includeInIndex = 1; lastKnownFileType = text.xcconfig; name = "Pods-BilibiliTests.release.xcconfig"; path = "../Pods/Target Support Files/Pods-BilibiliTests/Pods-BilibiliTests.release.xcconfig"; sourceTree = "<group>"; };
		D61C89C3EED9E9E8E68DDF4A /* Pods_BilibiliUITests.framework */ = {isa = PBXFileReference; explicitFileType = wrapper.framework; includeInIndex = 0; path = Pods_BilibiliUITests.framework; sourceTree = BUILT_PRODUCTS_DIR; };
		DF8226531E696A3E00C88679 /* Bilibili.app */ = {isa = PBXFileReference; explicitFileType = wrapper.application; includeInIndex = 0; path = Bilibili.app; sourceTree = BUILT_PRODUCTS_DIR; };
		DF82265D1E696A3E00C88679 /* Base */ = {isa = PBXFileReference; lastKnownFileType = file.storyboard; name = Base; path = Base.lproj/iPhone.storyboard; sourceTree = "<group>"; };
		DF82265F1E696A3E00C88679 /* Assets.xcassets */ = {isa = PBXFileReference; lastKnownFileType = folder.assetcatalog; path = Assets.xcassets; sourceTree = "<group>"; };
		DF8226621E696A3E00C88679 /* Base */ = {isa = PBXFileReference; lastKnownFileType = file.storyboard; name = Base; path = Base.lproj/LaunchScreen.storyboard; sourceTree = "<group>"; };
		DF8226691E696A3E00C88679 /* BilibiliTests.xctest */ = {isa = PBXFileReference; explicitFileType = wrapper.cfbundle; includeInIndex = 0; path = BilibiliTests.xctest; sourceTree = BUILT_PRODUCTS_DIR; };
		DF82266D1E696A3E00C88679 /* BilibiliTests.swift */ = {isa = PBXFileReference; lastKnownFileType = sourcecode.swift; path = BilibiliTests.swift; sourceTree = "<group>"; };
		DF82266F1E696A3E00C88679 /* Info.plist */ = {isa = PBXFileReference; lastKnownFileType = text.plist.xml; path = Info.plist; sourceTree = "<group>"; };
		DF8226741E696A3E00C88679 /* BilibiliUITests.xctest */ = {isa = PBXFileReference; explicitFileType = wrapper.cfbundle; includeInIndex = 0; path = BilibiliUITests.xctest; sourceTree = BUILT_PRODUCTS_DIR; };
		DF8226781E696A3E00C88679 /* BilibiliUITests.swift */ = {isa = PBXFileReference; lastKnownFileType = sourcecode.swift; path = BilibiliUITests.swift; sourceTree = "<group>"; };
		DF82267A1E696A3E00C88679 /* Info.plist */ = {isa = PBXFileReference; lastKnownFileType = text.plist.xml; path = Info.plist; sourceTree = "<group>"; };
		DF8226871E696D4A00C88679 /* AppDelegate.swift */ = {isa = PBXFileReference; fileEncoding = 4; lastKnownFileType = sourcecode.swift; path = AppDelegate.swift; sourceTree = "<group>"; };
		DF8226881E696D4A00C88679 /* FirstViewController.swift */ = {isa = PBXFileReference; fileEncoding = 4; lastKnownFileType = sourcecode.swift; path = FirstViewController.swift; sourceTree = "<group>"; };
		DF8226891E696D4A00C88679 /* SecondViewController.swift */ = {isa = PBXFileReference; fileEncoding = 4; lastKnownFileType = sourcecode.swift; path = SecondViewController.swift; sourceTree = "<group>"; };
		DF8226901E696D4A00C88679 /* Account.swift */ = {isa = PBXFileReference; fileEncoding = 4; lastKnownFileType = sourcecode.swift; path = Account.swift; sourceTree = "<group>"; };
		DF8226911E696D4A00C88679 /* AccountManager.swift */ = {isa = PBXFileReference; fileEncoding = 4; lastKnownFileType = sourcecode.swift; path = AccountManager.swift; sourceTree = "<group>"; };
		DF8226931E696D4A00C88679 /* Info.plist */ = {isa = PBXFileReference; fileEncoding = 4; lastKnownFileType = text.plist.xml; path = Info.plist; sourceTree = "<group>"; };
		DF82269E1E697DB400C88679 /* R.generated.swift */ = {isa = PBXFileReference; fileEncoding = 4; lastKnownFileType = sourcecode.swift; path = R.generated.swift; sourceTree = "<group>"; };
		DF8226A11E697DE300C88679 /* Base */ = {isa = PBXFileReference; lastKnownFileType = text.plist.strings; name = Base; path = Base.lproj/Localizable.strings; sourceTree = "<group>"; };
		DF8226A61E697E0500C88679 /* Base */ = {isa = PBXFileReference; lastKnownFileType = text.plist.stringsdict; name = Base; path = Base.lproj/Localizable.stringsdict; sourceTree = "<group>"; };
/* End PBXFileReference section */

/* Begin PBXFrameworksBuildPhase section */
		DF8226501E696A3E00C88679 /* Frameworks */ = {
			isa = PBXFrameworksBuildPhase;
			buildActionMask = 2147483647;
			files = (
				7081C6E511BF1ED74FCF1DFD /* Pods_Bilibili.framework in Frameworks */,
				987C6A111E72974A00B28199 /* BilibiliAPI.framework in Frameworks */,
			);
			runOnlyForDeploymentPostprocessing = 0;
		};
		DF8226661E696A3E00C88679 /* Frameworks */ = {
			isa = PBXFrameworksBuildPhase;
			buildActionMask = 2147483647;
			files = (
				85AA3223E38682FF5F221C4D /* Pods_BilibiliTests.framework in Frameworks */,
			);
			runOnlyForDeploymentPostprocessing = 0;
		};
		DF8226711E696A3E00C88679 /* Frameworks */ = {
			isa = PBXFrameworksBuildPhase;
			buildActionMask = 2147483647;
			files = (
				0CF6813A46FD5F82AAEFB34A /* Pods_BilibiliUITests.framework in Frameworks */,
			);
			runOnlyForDeploymentPostprocessing = 0;
		};
/* End PBXFrameworksBuildPhase section */

/* Begin PBXGroup section */
		97E4DF2D9A5986E966FE97F3 /* Pods */ = {
			isa = PBXGroup;
			children = (
				47F79A037D40E834E5A41379 /* Pods-Bilibili.debug.xcconfig */,
				A88E28E78B94EE9CE34D6DE5 /* Pods-Bilibili.release.xcconfig */,
				79A81944F7B38A2051511A2B /* Pods-BilibiliTests.debug.xcconfig */,
				C58884E704897A6C804015C3 /* Pods-BilibiliTests.release.xcconfig */,
				9F3D8C91AFE58189A27A094E /* Pods-BilibiliUITests.debug.xcconfig */,
				2C9B554E8E9EA56439F71B44 /* Pods-BilibiliUITests.release.xcconfig */,
			);
			name = Pods;
			sourceTree = "<group>";
		};
		B33549C113BECFE9D6060AC4 /* Frameworks */ = {
			isa = PBXGroup;
			children = (
				987C6A101E72974A00B28199 /* BilibiliAPI.framework */,
				19CCD7587ED9F33B805C308C /* Pods_Bilibili.framework */,
				0E071E5AAB526F57261B626B /* Pods_BilibiliTests.framework */,
				D61C89C3EED9E9E8E68DDF4A /* Pods_BilibiliUITests.framework */,
			);
			name = Frameworks;
			sourceTree = "<group>";
		};
		DF82264A1E696A3E00C88679 = {
			isa = PBXGroup;
			children = (
				DF8226551E696A3E00C88679 /* Bilibili */,
				DF82266C1E696A3E00C88679 /* BilibiliTests */,
				DF8226771E696A3E00C88679 /* BilibiliUITests */,
				DF8226541E696A3E00C88679 /* Products */,
				97E4DF2D9A5986E966FE97F3 /* Pods */,
				B33549C113BECFE9D6060AC4 /* Frameworks */,
			);
			sourceTree = "<group>";
		};
		DF8226541E696A3E00C88679 /* Products */ = {
			isa = PBXGroup;
			children = (
				DF8226531E696A3E00C88679 /* Bilibili.app */,
				DF8226691E696A3E00C88679 /* BilibiliTests.xctest */,
				DF8226741E696A3E00C88679 /* BilibiliUITests.xctest */,
			);
			name = Products;
			sourceTree = "<group>";
		};
		DF8226551E696A3E00C88679 /* Bilibili */ = {
			isa = PBXGroup;
			children = (
				DF82265F1E696A3E00C88679 /* Assets.xcassets */,
				DF8226861E696D4A00C88679 /* App */,
				DF82268A1E696D4A00C88679 /* Component */,
				DF82268B1E696D4A00C88679 /* iPhone */,
				DF82268C1E696D4A00C88679 /* Misc */,
				DF82268D1E696D4A00C88679 /* Model */,
				DF82268E1E696D4A00C88679 /* Module */,
				DF8226921E696D4A00C88679 /* Supporting Files */,
			);
			path = Bilibili;
			sourceTree = "<group>";
		};
		DF82266C1E696A3E00C88679 /* BilibiliTests */ = {
			isa = PBXGroup;
			children = (
				DF82266D1E696A3E00C88679 /* BilibiliTests.swift */,
				DF82266F1E696A3E00C88679 /* Info.plist */,
			);
			path = BilibiliTests;
			sourceTree = "<group>";
		};
		DF8226771E696A3E00C88679 /* BilibiliUITests */ = {
			isa = PBXGroup;
			children = (
				DF8226781E696A3E00C88679 /* BilibiliUITests.swift */,
				DF82267A1E696A3E00C88679 /* Info.plist */,
			);
			path = BilibiliUITests;
			sourceTree = "<group>";
		};
		DF8226861E696D4A00C88679 /* App */ = {
			isa = PBXGroup;
			children = (
				DF8226871E696D4A00C88679 /* AppDelegate.swift */,
				DF8226881E696D4A00C88679 /* FirstViewController.swift */,
				DF8226891E696D4A00C88679 /* SecondViewController.swift */,
			);
			path = App;
			sourceTree = "<group>";
		};
		DF82268A1E696D4A00C88679 /* Component */ = {
			isa = PBXGroup;
			children = (
			);
			path = Component;
			sourceTree = "<group>";
		};
		DF82268B1E696D4A00C88679 /* iPhone */ = {
			isa = PBXGroup;
			children = (
				DF82265C1E696A3E00C88679 /* iPhone.storyboard */,
			);
			path = iPhone;
			sourceTree = "<group>";
		};
		DF82268C1E696D4A00C88679 /* Misc */ = {
			isa = PBXGroup;
			children = (
			);
			path = Misc;
			sourceTree = "<group>";
		};
		DF82268D1E696D4A00C88679 /* Model */ = {
			isa = PBXGroup;
			children = (
			);
			path = Model;
			sourceTree = "<group>";
		};
		DF82268E1E696D4A00C88679 /* Module */ = {
			isa = PBXGroup;
			children = (
				DF82268F1E696D4A00C88679 /* Account */,
			);
			path = Module;
			sourceTree = "<group>";
		};
		DF82268F1E696D4A00C88679 /* Account */ = {
			isa = PBXGroup;
			children = (
				DF8226901E696D4A00C88679 /* Account.swift */,
				DF8226911E696D4A00C88679 /* AccountManager.swift */,
			);
			path = Account;
			sourceTree = "<group>";
		};
		DF8226921E696D4A00C88679 /* Supporting Files */ = {
			isa = PBXGroup;
			children = (
				DF82269E1E697DB400C88679 /* R.generated.swift */,
				DF8226611E696A3E00C88679 /* LaunchScreen.storyboard */,
				DF8226931E696D4A00C88679 /* Info.plist */,
				DF8226A21E697DE300C88679 /* Localizable.strings */,
				DF8226A71E697E0500C88679 /* Localizable.stringsdict */,
			);
			path = "Supporting Files";
			sourceTree = "<group>";
		};
/* End PBXGroup section */

/* Begin PBXNativeTarget section */
		DF8226521E696A3E00C88679 /* Bilibili */ = {
			isa = PBXNativeTarget;
			buildConfigurationList = DF82267D1E696A3E00C88679 /* Build configuration list for PBXNativeTarget "Bilibili" */;
			buildPhases = (
				209778595C6D8D678952EC45 /* [CP] Check Pods Manifest.lock */,
				DF82269A1E696DD900C88679 /* R.swift Script */,
				DF82269B1E696DFB00C88679 /* Run Script */,
				DF82264F1E696A3E00C88679 /* Sources */,
				DF8226501E696A3E00C88679 /* Frameworks */,
				DF8226511E696A3E00C88679 /* Resources */,
				E1A3382B5F0DB909DD082364 /* [CP] Embed Pods Frameworks */,
				987C6A131E72974B00B28199 /* Embed Frameworks */,
			);
			buildRules = (
			);
			dependencies = (
			);
			name = Bilibili;
			productName = Bilibili;
			productReference = DF8226531E696A3E00C88679 /* Bilibili.app */;
			productType = "com.apple.product-type.application";
		};
		DF8226681E696A3E00C88679 /* BilibiliTests */ = {
			isa = PBXNativeTarget;
			buildConfigurationList = DF8226801E696A3E00C88679 /* Build configuration list for PBXNativeTarget "BilibiliTests" */;
			buildPhases = (
				8BBA42BF4367E7914ED38AA9 /* [CP] Check Pods Manifest.lock */,
				DF8226651E696A3E00C88679 /* Sources */,
				DF8226661E696A3E00C88679 /* Frameworks */,
				DF8226671E696A3E00C88679 /* Resources */,
			);
			buildRules = (
			);
			dependencies = (
				DF82266B1E696A3E00C88679 /* PBXTargetDependency */,
			);
			name = BilibiliTests;
			productName = BilibiliTests;
			productReference = DF8226691E696A3E00C88679 /* BilibiliTests.xctest */;
			productType = "com.apple.product-type.bundle.unit-test";
		};
		DF8226731E696A3E00C88679 /* BilibiliUITests */ = {
			isa = PBXNativeTarget;
			buildConfigurationList = DF8226831E696A3E00C88679 /* Build configuration list for PBXNativeTarget "BilibiliUITests" */;
			buildPhases = (
				F47400EAB8B294DF4DB5082C /* [CP] Check Pods Manifest.lock */,
				DF8226701E696A3E00C88679 /* Sources */,
				DF8226711E696A3E00C88679 /* Frameworks */,
				DF8226721E696A3E00C88679 /* Resources */,
			);
			buildRules = (
			);
			dependencies = (
				DF8226761E696A3E00C88679 /* PBXTargetDependency */,
			);
			name = BilibiliUITests;
			productName = BilibiliUITests;
			productReference = DF8226741E696A3E00C88679 /* BilibiliUITests.xctest */;
			productType = "com.apple.product-type.bundle.ui-testing";
		};
/* End PBXNativeTarget section */

/* Begin PBXProject section */
		DF82264B1E696A3E00C88679 /* Project object */ = {
			isa = PBXProject;
			attributes = {
				LastSwiftUpdateCheck = 0820;
				LastUpgradeCheck = 0820;
				ORGANIZATIONNAME = YaeSakura;
				TargetAttributes = {
					DF8226521E696A3E00C88679 = {
						CreatedOnToolsVersion = 8.2.1;
						DevelopmentTeam = WHFYY29THE;
						ProvisioningStyle = Automatic;
					};
					DF8226681E696A3E00C88679 = {
						CreatedOnToolsVersion = 8.2.1;
						DevelopmentTeam = V667438P6G;
						ProvisioningStyle = Automatic;
						TestTargetID = DF8226521E696A3E00C88679;
					};
					DF8226731E696A3E00C88679 = {
						CreatedOnToolsVersion = 8.2.1;
						DevelopmentTeam = V667438P6G;
						ProvisioningStyle = Automatic;
						TestTargetID = DF8226521E696A3E00C88679;
					};
				};
			};
			buildConfigurationList = DF82264E1E696A3E00C88679 /* Build configuration list for PBXProject "Bilibili" */;
			compatibilityVersion = "Xcode 3.2";
			developmentRegion = English;
			hasScannedForEncodings = 0;
			knownRegions = (
				English,
				en,
				Base,
			);
			mainGroup = DF82264A1E696A3E00C88679;
			productRefGroup = DF8226541E696A3E00C88679 /* Products */;
			projectDirPath = "";
			projectRoot = "";
			targets = (
				DF8226521E696A3E00C88679 /* Bilibili */,
				DF8226681E696A3E00C88679 /* BilibiliTests */,
				DF8226731E696A3E00C88679 /* BilibiliUITests */,
			);
		};
/* End PBXProject section */

/* Begin PBXResourcesBuildPhase section */
		DF8226511E696A3E00C88679 /* Resources */ = {
			isa = PBXResourcesBuildPhase;
			buildActionMask = 2147483647;
			files = (
				DF8226631E696A3E00C88679 /* LaunchScreen.storyboard in Resources */,
				DF8226A01E697DE300C88679 /* Localizable.strings in Resources */,
				DF8226601E696A3E00C88679 /* Assets.xcassets in Resources */,
				DF8226A51E697E0500C88679 /* Localizable.stringsdict in Resources */,
				DF82265E1E696A3E00C88679 /* iPhone.storyboard in Resources */,
			);
			runOnlyForDeploymentPostprocessing = 0;
		};
		DF8226671E696A3E00C88679 /* Resources */ = {
			isa = PBXResourcesBuildPhase;
			buildActionMask = 2147483647;
			files = (
			);
			runOnlyForDeploymentPostprocessing = 0;
		};
		DF8226721E696A3E00C88679 /* Resources */ = {
			isa = PBXResourcesBuildPhase;
			buildActionMask = 2147483647;
			files = (
			);
			runOnlyForDeploymentPostprocessing = 0;
		};
/* End PBXResourcesBuildPhase section */

/* Begin PBXShellScriptBuildPhase section */
		209778595C6D8D678952EC45 /* [CP] Check Pods Manifest.lock */ = {
			isa = PBXShellScriptBuildPhase;
			buildActionMask = 2147483647;
			files = (
			);
			inputPaths = (
				"${PODS_PODFILE_DIR_PATH}/Podfile.lock",
				"${PODS_ROOT}/Manifest.lock",
			);
			name = "[CP] Check Pods Manifest.lock";
			outputPaths = (
				"$(DERIVED_FILE_DIR)/Pods-Bilibili-checkManifestLockResult.txt",
			);
			runOnlyForDeploymentPostprocessing = 0;
			shellPath = /bin/sh;
			shellScript = "diff \"${PODS_PODFILE_DIR_PATH}/Podfile.lock\" \"${PODS_ROOT}/Manifest.lock\" > /dev/null\nif [ $? != 0 ] ; then\n    # print error to STDERR\n    echo \"error: The sandbox is not in sync with the Podfile.lock. Run 'pod install' or update your CocoaPods installation.\" >&2\n    exit 1\nfi\n# This output is used by Xcode 'outputs' to avoid re-running this script phase.\necho \"SUCCESS\" > \"${SCRIPT_OUTPUT_FILE_0}\"\n";
			showEnvVarsInLog = 0;
		};
		8BBA42BF4367E7914ED38AA9 /* [CP] Check Pods Manifest.lock */ = {
			isa = PBXShellScriptBuildPhase;
			buildActionMask = 2147483647;
			files = (
			);
			inputPaths = (
				"${PODS_PODFILE_DIR_PATH}/Podfile.lock",
				"${PODS_ROOT}/Manifest.lock",
			);
			name = "[CP] Check Pods Manifest.lock";
			outputPaths = (
				"$(DERIVED_FILE_DIR)/Pods-BilibiliTests-checkManifestLockResult.txt",
			);
			runOnlyForDeploymentPostprocessing = 0;
			shellPath = /bin/sh;
			shellScript = "diff \"${PODS_PODFILE_DIR_PATH}/Podfile.lock\" \"${PODS_ROOT}/Manifest.lock\" > /dev/null\nif [ $? != 0 ] ; then\n    # print error to STDERR\n    echo \"error: The sandbox is not in sync with the Podfile.lock. Run 'pod install' or update your CocoaPods installation.\" >&2\n    exit 1\nfi\n# This output is used by Xcode 'outputs' to avoid re-running this script phase.\necho \"SUCCESS\" > \"${SCRIPT_OUTPUT_FILE_0}\"\n";
			showEnvVarsInLog = 0;
		};
		DF82269A1E696DD900C88679 /* R.swift Script */ = {
			isa = PBXShellScriptBuildPhase;
			buildActionMask = 2147483647;
			files = (
			);
			inputPaths = (
				"$TEMP_DIR/rswift-lastrun",
			);
			name = "R.swift Script";
			outputPaths = (
				$SRCROOT/R.generated.swift,
			);
			runOnlyForDeploymentPostprocessing = 0;
			shellPath = /bin/sh;
			shellScript = "\"$PODS_ROOT/R.swift/rswift\" generate \"$SRCROOT/R.generated.swift\"\n";
		};
		DF82269B1E696DFB00C88679 /* Run Script */ = {
			isa = PBXShellScriptBuildPhase;
			buildActionMask = 2147483647;
			files = (
			);
			inputPaths = (
			);
			name = "Run Script";
			outputPaths = (
			);
			runOnlyForDeploymentPostprocessing = 0;
			shellPath = /bin/sh;
			shellScript = "if [ \"${CONFIGURATION}\" = \"Debug\" ]; then\nTAGS=\"TODO:|FIXME:\"\necho \"searching ${SRCROOT} for ${TAGS}\"\nfind \"${SRCROOT}\" \\( -name \"*.swift\" \\) -print0 | xargs -0 egrep --with-filename --line-number --only-matching \"($TAGS).*\\$\" | perl -p -e \"s/($TAGS)/ warning: \\$1/\"\nfi\n";
		};
		E1A3382B5F0DB909DD082364 /* [CP] Embed Pods Frameworks */ = {
			isa = PBXShellScriptBuildPhase;
			buildActionMask = 2147483647;
			files = (
			);
			inputPaths = (
				"${PODS_ROOT}/Target Support Files/Pods-Bilibili/Pods-Bilibili-frameworks.sh",
				"${BUILT_PRODUCTS_DIR}/CryptoSwift/CryptoSwift.framework",
				"${BUILT_PRODUCTS_DIR}/GPUImage3/GPUImage3.framework",
				"${BUILT_PRODUCTS_DIR}/HandyJSON/HandyJSON.framework",
				"${BUILT_PRODUCTS_DIR}/Hero/Hero.framework",
				"${BUILT_PRODUCTS_DIR}/IBAnimatable/IBAnimatable.framework",
				"${BUILT_PRODUCTS_DIR}/Kingfisher/Kingfisher.framework",
				"${BUILT_PRODUCTS_DIR}/MJRefresh/MJRefresh.framework",
				"${BUILT_PRODUCTS_DIR}/R.swift.Library/Rswift.framework",
				"${PODS_ROOT}/Reveal-SDK/RevealServer-4/iOS/RevealServer.framework",
				"${BUILT_PRODUCTS_DIR}/RxSwift/RxSwift.framework",
				"${BUILT_PRODUCTS_DIR}/Sakura/Sakura.framework",
				"${BUILT_PRODUCTS_DIR}/SnapKit/SnapKit.framework",
				"${BUILT_PRODUCTS_DIR}/SwiftyUserDefaults/SwiftyUserDefaults.framework",
				"${BUILT_PRODUCTS_DIR}/WebViewJavascriptBridge/WebViewJavascriptBridge.framework",
				"${BUILT_PRODUCTS_DIR}/Zip/Zip.framework",
			);
			name = "[CP] Embed Pods Frameworks";
			outputPaths = (
				"${TARGET_BUILD_DIR}/${FRAMEWORKS_FOLDER_PATH}/CryptoSwift.framework",
				"${TARGET_BUILD_DIR}/${FRAMEWORKS_FOLDER_PATH}/GPUImage3.framework",
				"${TARGET_BUILD_DIR}/${FRAMEWORKS_FOLDER_PATH}/HandyJSON.framework",
				"${TARGET_BUILD_DIR}/${FRAMEWORKS_FOLDER_PATH}/Hero.framework",
				"${TARGET_BUILD_DIR}/${FRAMEWORKS_FOLDER_PATH}/IBAnimatable.framework",
				"${TARGET_BUILD_DIR}/${FRAMEWORKS_FOLDER_PATH}/Kingfisher.framework",
				"${TARGET_BUILD_DIR}/${FRAMEWORKS_FOLDER_PATH}/MJRefresh.framework",
				"${TARGET_BUILD_DIR}/${FRAMEWORKS_FOLDER_PATH}/Rswift.framework",
				"${TARGET_BUILD_DIR}/${FRAMEWORKS_FOLDER_PATH}/RevealServer.framework",
				"${TARGET_BUILD_DIR}/${FRAMEWORKS_FOLDER_PATH}/RxSwift.framework",
				"${TARGET_BUILD_DIR}/${FRAMEWORKS_FOLDER_PATH}/Sakura.framework",
				"${TARGET_BUILD_DIR}/${FRAMEWORKS_FOLDER_PATH}/SnapKit.framework",
				"${TARGET_BUILD_DIR}/${FRAMEWORKS_FOLDER_PATH}/SwiftyUserDefaults.framework",
				"${TARGET_BUILD_DIR}/${FRAMEWORKS_FOLDER_PATH}/WebViewJavascriptBridge.framework",
				"${TARGET_BUILD_DIR}/${FRAMEWORKS_FOLDER_PATH}/Zip.framework",
			);
			runOnlyForDeploymentPostprocessing = 0;
			shellPath = /bin/sh;
			shellScript = "\"${PODS_ROOT}/Target Support Files/Pods-Bilibili/Pods-Bilibili-frameworks.sh\"\n";
			showEnvVarsInLog = 0;
		};
		F47400EAB8B294DF4DB5082C /* [CP] Check Pods Manifest.lock */ = {
			isa = PBXShellScriptBuildPhase;
			buildActionMask = 2147483647;
			files = (
			);
			inputPaths = (
				"${PODS_PODFILE_DIR_PATH}/Podfile.lock",
				"${PODS_ROOT}/Manifest.lock",
			);
			name = "[CP] Check Pods Manifest.lock";
			outputPaths = (
				"$(DERIVED_FILE_DIR)/Pods-BilibiliUITests-checkManifestLockResult.txt",
			);
			runOnlyForDeploymentPostprocessing = 0;
			shellPath = /bin/sh;
			shellScript = "diff \"${PODS_PODFILE_DIR_PATH}/Podfile.lock\" \"${PODS_ROOT}/Manifest.lock\" > /dev/null\nif [ $? != 0 ] ; then\n    # print error to STDERR\n    echo \"error: The sandbox is not in sync with the Podfile.lock. Run 'pod install' or update your CocoaPods installation.\" >&2\n    exit 1\nfi\n# This output is used by Xcode 'outputs' to avoid re-running this script phase.\necho \"SUCCESS\" > \"${SCRIPT_OUTPUT_FILE_0}\"\n";
			showEnvVarsInLog = 0;
		};
/* End PBXShellScriptBuildPhase section */

/* Begin PBXSourcesBuildPhase section */
		DF82264F1E696A3E00C88679 /* Sources */ = {
			isa = PBXSourcesBuildPhase;
			buildActionMask = 2147483647;
			files = (
				DF8226981E696D4A00C88679 /* AccountManager.swift in Sources */,
				DF8226961E696D4A00C88679 /* SecondViewController.swift in Sources */,
				DF8226971E696D4A00C88679 /* Account.swift in Sources */,
				DF8226941E696D4A00C88679 /* AppDelegate.swift in Sources */,
				DF8226951E696D4A00C88679 /* FirstViewController.swift in Sources */,
				DF82269F1E697DB400C88679 /* R.generated.swift in Sources */,
			);
			runOnlyForDeploymentPostprocessing = 0;
		};
		DF8226651E696A3E00C88679 /* Sources */ = {
			isa = PBXSourcesBuildPhase;
			buildActionMask = 2147483647;
			files = (
				DF82266E1E696A3E00C88679 /* BilibiliTests.swift in Sources */,
			);
			runOnlyForDeploymentPostprocessing = 0;
		};
		DF8226701E696A3E00C88679 /* Sources */ = {
			isa = PBXSourcesBuildPhase;
			buildActionMask = 2147483647;
			files = (
				DF8226791E696A3E00C88679 /* BilibiliUITests.swift in Sources */,
			);
			runOnlyForDeploymentPostprocessing = 0;
		};
/* End PBXSourcesBuildPhase section */

/* Begin PBXTargetDependency section */
		DF82266B1E696A3E00C88679 /* PBXTargetDependency */ = {
			isa = PBXTargetDependency;
			target = DF8226521E696A3E00C88679 /* Bilibili */;
			targetProxy = DF82266A1E696A3E00C88679 /* PBXContainerItemProxy */;
		};
		DF8226761E696A3E00C88679 /* PBXTargetDependency */ = {
			isa = PBXTargetDependency;
			target = DF8226521E696A3E00C88679 /* Bilibili */;
			targetProxy = DF8226751E696A3E00C88679 /* PBXContainerItemProxy */;
		};
/* End PBXTargetDependency section */

/* Begin PBXVariantGroup section */
		DF82265C1E696A3E00C88679 /* iPhone.storyboard */ = {
			isa = PBXVariantGroup;
			children = (
				DF82265D1E696A3E00C88679 /* Base */,
			);
			name = iPhone.storyboard;
			path = ..;
			sourceTree = "<group>";
		};
		DF8226611E696A3E00C88679 /* LaunchScreen.storyboard */ = {
			isa = PBXVariantGroup;
			children = (
				DF8226621E696A3E00C88679 /* Base */,
			);
			name = LaunchScreen.storyboard;
			path = ..;
			sourceTree = "<group>";
		};
		DF8226A21E697DE300C88679 /* Localizable.strings */ = {
			isa = PBXVariantGroup;
			children = (
				DF8226A11E697DE300C88679 /* Base */,
			);
			name = Localizable.strings;
			sourceTree = "<group>";
		};
		DF8226A71E697E0500C88679 /* Localizable.stringsdict */ = {
			isa = PBXVariantGroup;
			children = (
				DF8226A61E697E0500C88679 /* Base */,
			);
			name = Localizable.stringsdict;
			sourceTree = "<group>";
		};
/* End PBXVariantGroup section */

/* Begin XCBuildConfiguration section */
		DF82267B1E696A3E00C88679 /* Debug */ = {
			isa = XCBuildConfiguration;
			buildSettings = {
				ALWAYS_SEARCH_USER_PATHS = NO;
				CLANG_ANALYZER_NONNULL = YES;
				CLANG_CXX_LANGUAGE_STANDARD = "gnu++0x";
				CLANG_CXX_LIBRARY = "libc++";
				CLANG_ENABLE_MODULES = YES;
				CLANG_ENABLE_OBJC_ARC = YES;
				CLANG_WARN_BOOL_CONVERSION = YES;
				CLANG_WARN_CONSTANT_CONVERSION = YES;
				CLANG_WARN_DIRECT_OBJC_ISA_USAGE = YES_ERROR;
				CLANG_WARN_DOCUMENTATION_COMMENTS = YES;
				CLANG_WARN_EMPTY_BODY = YES;
				CLANG_WARN_ENUM_CONVERSION = YES;
				CLANG_WARN_INFINITE_RECURSION = YES;
				CLANG_WARN_INT_CONVERSION = YES;
				CLANG_WARN_OBJC_ROOT_CLASS = YES_ERROR;
				CLANG_WARN_SUSPICIOUS_MOVE = YES;
				CLANG_WARN_UNREACHABLE_CODE = YES;
				CLANG_WARN__DUPLICATE_METHOD_MATCH = YES;
				"CODE_SIGN_IDENTITY[sdk=iphoneos*]" = "iPhone Developer";
				COPY_PHASE_STRIP = NO;
				DEBUG_INFORMATION_FORMAT = dwarf;
				ENABLE_STRICT_OBJC_MSGSEND = YES;
				ENABLE_TESTABILITY = YES;
				GCC_C_LANGUAGE_STANDARD = gnu99;
				GCC_DYNAMIC_NO_PIC = NO;
				GCC_NO_COMMON_BLOCKS = YES;
				GCC_OPTIMIZATION_LEVEL = 0;
				GCC_PREPROCESSOR_DEFINITIONS = (
					"DEBUG=1",
					"$(inherited)",
				);
				GCC_WARN_64_TO_32_BIT_CONVERSION = YES;
				GCC_WARN_ABOUT_RETURN_TYPE = YES_ERROR;
				GCC_WARN_UNDECLARED_SELECTOR = YES;
				GCC_WARN_UNINITIALIZED_AUTOS = YES_AGGRESSIVE;
				GCC_WARN_UNUSED_FUNCTION = YES;
				GCC_WARN_UNUSED_VARIABLE = YES;
				IPHONEOS_DEPLOYMENT_TARGET = 10.2;
				MTL_ENABLE_DEBUG_INFO = YES;
				ONLY_ACTIVE_ARCH = YES;
				SDKROOT = iphoneos;
				SWIFT_ACTIVE_COMPILATION_CONDITIONS = DEBUG;
				SWIFT_OPTIMIZATION_LEVEL = "-Onone";
				SWIFT_VERSION = 5.0;
				TARGETED_DEVICE_FAMILY = "1,2";
			};
			name = Debug;
		};
		DF82267C1E696A3E00C88679 /* Release */ = {
			isa = XCBuildConfiguration;
			buildSettings = {
				ALWAYS_SEARCH_USER_PATHS = NO;
				CLANG_ANALYZER_NONNULL = YES;
				CLANG_CXX_LANGUAGE_STANDARD = "gnu++0x";
				CLANG_CXX_LIBRARY = "libc++";
				CLANG_ENABLE_MODULES = YES;
				CLANG_ENABLE_OBJC_ARC = YES;
				CLANG_WARN_BOOL_CONVERSION = YES;
				CLANG_WARN_CONSTANT_CONVERSION = YES;
				CLANG_WARN_DIRECT_OBJC_ISA_USAGE = YES_ERROR;
				CLANG_WARN_DOCUMENTATION_COMMENTS = YES;
				CLANG_WARN_EMPTY_BODY = YES;
				CLANG_WARN_ENUM_CONVERSION = YES;
				CLANG_WARN_INFINITE_RECURSION = YES;
				CLANG_WARN_INT_CONVERSION = YES;
				CLANG_WARN_OBJC_ROOT_CLASS = YES_ERROR;
				CLANG_WARN_SUSPICIOUS_MOVE = YES;
				CLANG_WARN_UNREACHABLE_CODE = YES;
				CLANG_WARN__DUPLICATE_METHOD_MATCH = YES;
				"CODE_SIGN_IDENTITY[sdk=iphoneos*]" = "iPhone Developer";
				COPY_PHASE_STRIP = NO;
				DEBUG_INFORMATION_FORMAT = "dwarf-with-dsym";
				ENABLE_NS_ASSERTIONS = NO;
				ENABLE_STRICT_OBJC_MSGSEND = YES;
				GCC_C_LANGUAGE_STANDARD = gnu99;
				GCC_NO_COMMON_BLOCKS = YES;
				GCC_WARN_64_TO_32_BIT_CONVERSION = YES;
				GCC_WARN_ABOUT_RETURN_TYPE = YES_ERROR;
				GCC_WARN_UNDECLARED_SELECTOR = YES;
				GCC_WARN_UNINITIALIZED_AUTOS = YES_AGGRESSIVE;
				GCC_WARN_UNUSED_FUNCTION = YES;
				GCC_WARN_UNUSED_VARIABLE = YES;
				IPHONEOS_DEPLOYMENT_TARGET = 10.2;
				MTL_ENABLE_DEBUG_INFO = NO;
				SDKROOT = iphoneos;
				SWIFT_OPTIMIZATION_LEVEL = "-Owholemodule";
				SWIFT_VERSION = 5.0;
				TARGETED_DEVICE_FAMILY = "1,2";
				VALIDATE_PRODUCT = YES;
			};
			name = Release;
		};
		DF82267E1E696A3E00C88679 /* Debug */ = {
			isa = XCBuildConfiguration;
			baseConfigurationReference = 47F79A037D40E834E5A41379 /* Pods-Bilibili.debug.xcconfig */;
			buildSettings = {
				ASSETCATALOG_COMPILER_APPICON_NAME = AppIcon;
				DEVELOPMENT_TEAM = WHFYY29THE;
				INFOPLIST_FILE = "$(SRCROOT)/Bilibili/Supporting Files/Info.plist";
				IPHONEOS_DEPLOYMENT_TARGET = 10.0;
				LD_RUNPATH_SEARCH_PATHS = "$(inherited) @executable_path/Frameworks";
				PRODUCT_BUNDLE_IDENTIFIER = com.LunarEclipse.Bilibili;
				PRODUCT_NAME = "$(TARGET_NAME)";
				SWIFT_VERSION = 5.0;
			};
			name = Debug;
		};
		DF82267F1E696A3E00C88679 /* Release */ = {
			isa = XCBuildConfiguration;
			baseConfigurationReference = A88E28E78B94EE9CE34D6DE5 /* Pods-Bilibili.release.xcconfig */;
			buildSettings = {
				ASSETCATALOG_COMPILER_APPICON_NAME = AppIcon;
				DEVELOPMENT_TEAM = WHFYY29THE;
				INFOPLIST_FILE = "$(SRCROOT)/Bilibili/Supporting Files/Info.plist";
				IPHONEOS_DEPLOYMENT_TARGET = 10.0;
				LD_RUNPATH_SEARCH_PATHS = "$(inherited) @executable_path/Frameworks";
				PRODUCT_BUNDLE_IDENTIFIER = com.LunarEclipse.Bilibili;
				PRODUCT_NAME = "$(TARGET_NAME)";
				SWIFT_VERSION = 5.0;
			};
			name = Release;
		};
		DF8226811E696A3E00C88679 /* Debug */ = {
			isa = XCBuildConfiguration;
			baseConfigurationReference = 79A81944F7B38A2051511A2B /* Pods-BilibiliTests.debug.xcconfig */;
			buildSettings = {
				ALWAYS_EMBED_SWIFT_STANDARD_LIBRARIES = YES;
				BUNDLE_LOADER = "$(TEST_HOST)";
				DEVELOPMENT_TEAM = V667438P6G;
				INFOPLIST_FILE = BilibiliTests/Info.plist;
				LD_RUNPATH_SEARCH_PATHS = "$(inherited) @executable_path/Frameworks @loader_path/Frameworks";
				PRODUCT_BUNDLE_IDENTIFIER = com.YaeSakura.BilibiliTests;
				PRODUCT_NAME = "$(TARGET_NAME)";
				SWIFT_VERSION = 5.0;
				TEST_HOST = "$(BUILT_PRODUCTS_DIR)/Bilibili.app/Bilibili";
			};
			name = Debug;
		};
		DF8226821E696A3E00C88679 /* Release */ = {
			isa = XCBuildConfiguration;
			baseConfigurationReference = C58884E704897A6C804015C3 /* Pods-BilibiliTests.release.xcconfig */;
			buildSettings = {
				ALWAYS_EMBED_SWIFT_STANDARD_LIBRARIES = YES;
				BUNDLE_LOADER = "$(TEST_HOST)";
				DEVELOPMENT_TEAM = V667438P6G;
				INFOPLIST_FILE = BilibiliTests/Info.plist;
				LD_RUNPATH_SEARCH_PATHS = "$(inherited) @executable_path/Frameworks @loader_path/Frameworks";
				PRODUCT_BUNDLE_IDENTIFIER = com.YaeSakura.BilibiliTests;
				PRODUCT_NAME = "$(TARGET_NAME)";
				SWIFT_VERSION = 5.0;
				TEST_HOST = "$(BUILT_PRODUCTS_DIR)/Bilibili.app/Bilibili";
			};
			name = Release;
		};
		DF8226841E696A3E00C88679 /* Debug */ = {
			isa = XCBuildConfiguration;
			baseConfigurationReference = 9F3D8C91AFE58189A27A094E /* Pods-BilibiliUITests.debug.xcconfig */;
			buildSettings = {
				ALWAYS_EMBED_SWIFT_STANDARD_LIBRARIES = YES;
				DEVELOPMENT_TEAM = V667438P6G;
				INFOPLIST_FILE = BilibiliUITests/Info.plist;
				LD_RUNPATH_SEARCH_PATHS = "$(inherited) @executable_path/Frameworks @loader_path/Frameworks";
				PRODUCT_BUNDLE_IDENTIFIER = com.YaeSakura.BilibiliUITests;
				PRODUCT_NAME = "$(TARGET_NAME)";
				SWIFT_VERSION = 5.0;
				TEST_TARGET_NAME = Bilibili;
			};
			name = Debug;
		};
		DF8226851E696A3E00C88679 /* Release */ = {
			isa = XCBuildConfiguration;
			baseConfigurationReference = 2C9B554E8E9EA56439F71B44 /* Pods-BilibiliUITests.release.xcconfig */;
			buildSettings = {
				ALWAYS_EMBED_SWIFT_STANDARD_LIBRARIES = YES;
				DEVELOPMENT_TEAM = V667438P6G;
				INFOPLIST_FILE = BilibiliUITests/Info.plist;
				LD_RUNPATH_SEARCH_PATHS = "$(inherited) @executable_path/Frameworks @loader_path/Frameworks";
				PRODUCT_BUNDLE_IDENTIFIER = com.YaeSakura.BilibiliUITests;
				PRODUCT_NAME = "$(TARGET_NAME)";
				SWIFT_VERSION = 5.0;
				TEST_TARGET_NAME = Bilibili;
			};
			name = Release;
		};
/* End XCBuildConfiguration section */

/* Begin XCConfigurationList section */
		DF82264E1E696A3E00C88679 /* Build configuration list for PBXProject "Bilibili" */ = {
			isa = XCConfigurationList;
			buildConfigurations = (
				DF82267B1E696A3E00C88679 /* Debug */,
				DF82267C1E696A3E00C88679 /* Release */,
			);
			defaultConfigurationIsVisible = 0;
			defaultConfigurationName = Release;
		};
		DF82267D1E696A3E00C88679 /* Build configuration list for PBXNativeTarget "Bilibili" */ = {
			isa = XCConfigurationList;
			buildConfigurations = (
				DF82267E1E696A3E00C88679 /* Debug */,
				DF82267F1E696A3E00C88679 /* Release */,
			);
			defaultConfigurationIsVisible = 0;
			defaultConfigurationName = Release;
		};
		DF8226801E696A3E00C88679 /* Build configuration list for PBXNativeTarget "BilibiliTests" */ = {
			isa = XCConfigurationList;
			buildConfigurations = (
				DF8226811E696A3E00C88679 /* Debug */,
				DF8226821E696A3E00C88679 /* Release */,
			);
			defaultConfigurationIsVisible = 0;
			defaultConfigurationName = Release;
		};
		DF8226831E696A3E00C88679 /* Build configuration list for PBXNativeTarget "BilibiliUITests" */ = {
			isa = XCConfigurationList;
			buildConfigurations = (
				DF8226841E696A3E00C88679 /* Debug */,
				DF8226851E696A3E00C88679 /* Release */,
			);
			defaultConfigurationIsVisible = 0;
			defaultConfigurationName = Release;
		};
/* End XCConfigurationList section */
	};
	rootObject = DF82264B1E696A3E00C88679 /* Project object */;
}
