PODS:
  - CryptoSwift (0.6.7)
  - GPUImage2 (0.1.0)
  - HandyJSON (1.6.0)
  - Hero (0.3.1)
  - IBAnimatable (3.1.2)
  - Kingfisher (3.4.0)
  - MJRefresh (3.1.12)
  - R.swift (3.2.0):
    - R.swift.Library (~> 3.0.2)
  - R.swift.Library (3.0.2)
  - Reveal-SDK (4)
  - RxSwift (3.2.0)
  - Sakura (0.0.1)
  - SnapKit (3.1.2)
  - Spring (1.0.3)
  - SwiftyUserDefaults (3.0.0)
  - WebViewJavascriptBridge (5.2.0)
  - Zip (0.6.0)

DEPENDENCIES:
  - CryptoSwift (~> 0.6)
  - GPUImage2 (from `./Bilibili/Podspec/GPUImage2.podspec`)
  - HandyJSON (from `https://github.com/alibaba/HandyJSON.git`)
  - Hero (~> 0.3)
  - IBAnimatable (~> 3.0)
  - Kingfisher (~> 3.3)
  - MJRefresh (~> 3.1)
  - R.swift (~> 3.1)
  - Reveal-SDK (~> 4)
  - RxSwift (~> 3.2)
  - Sakura (from `./Sakura`)
  - SnapKit (~> 3.1)
  - Spring (from `https://github.com/MengTo/Spring.git`, branch `swift3`)
  - SwiftyUserDefaults (~> 3.0)
  - WebViewJavascriptBridge (~> 5.0)
  - Zip (~> 0.6)

EXTERNAL SOURCES:
  GPUImage2:
    :podspec: "./Bilibili/Podspec/GPUImage2.podspec"
  HandyJSON:
    :git: https://github.com/alibaba/HandyJSON.git
  Sakura:
    :path: "./Sakura"
  Spring:
    :branch: swift3
    :git: https://github.com/MengTo/Spring.git

CHECKOUT OPTIONS:
  GPUImage2:
    :commit: 8c3bdee9421ecdbc857bf1992cf8eafb2862129b
    :git: https://github.com/BradLarson/GPUImage2.git
  HandyJSON:
    :commit: 787ea08cf317e1a5b5acf32318283c4bdd36aa76
    :git: https://github.com/alibaba/HandyJSON.git
  Spring:
    :commit: 3a9227c6e9157e7b47f5ac1ee5abab2a56b50002
    :git: https://github.com/MengTo/Spring.git

SPEC CHECKSUMS:
  CryptoSwift: 685ae257941e5447474348a2b545583e1a16b573
  GPUImage2: 4ff31f41a47e240e5474b49d9e83e95e2ff5c562
  HandyJSON: 75ecc5cfe090cb4743ef880b95039dd6a3cf65a5
  Hero: 278045543e7e8fcbf331e6493a51f97469a2ff08
  IBAnimatable: 26b74a72df9369d40faab97428477c246b9e42ba
  Kingfisher: 5690cfb3d1bddf3a98d679a3a34d0b7294974ed2
  MJRefresh: b96cdb21c4aa75a7b07654311ab2f315c497e806
  R.swift: 207a372a2b5977caef440c696a368009460641d1
  R.swift.Library: fbdec16c9802ad104fc1ba53415dc190e6ec5c73
  Reveal-SDK: 178c927f1a3230648d3a92b96f6e730a35b2750a
  RxSwift: 46574f70d416b7923c237195939cc488a7fbf3a0
  Sakura: 5b9a3e1fc5e696603118661447377272755f22ab
  SnapKit: 12b24f569cb7c143acc9c22b9d91b23e7b1c84a2
  Spring: 3f02b5dc3308572ef177b3cad0fa7bbc4b0706f7
  SwiftyUserDefaults: 0f1d45fc3aafb9064dac661e367f8f83fe21a4b4
  WebViewJavascriptBridge: a00b2d61252aec5207e3263d46fd0fd3cfaf7895
  Zip: 805fc2fa9d2f05bbb7762d982d7a42ccdcc51f42

PODFILE CHECKSUM: dc7258587c0ea5b5f7e76fa27ad46e9db05ae99a

COCOAPODS: 1.2.0
