PODS:
  - CryptoSwift (1.3.0)
  - GPUImage3 (0.1.0)
  - HandyJSON (5.0.1)
  - Hero (1.5.0)
  - IBAnimatable (6.0.0)
  - Kingfisher (5.13.0):
    - Kingfisher/Core (= 5.13.0)
  - Kingfisher/Core (5.13.0)
  - MJRefresh (3.3.1)
  - R.swift (5.1.0):
    - R.swift.Library (~> 5.1.0)
  - R.swift.Library (5.1.0)
  - Reveal-SDK (4)
  - RxSwift (5.0.1)
  - Sakura (0.0.10):
    - Sakura/Core (= 0.0.10)
    - Sakura/UI (= 0.0.10)
  - Sakura/Core (0.0.10)
  - Sakura/UI (0.0.10):
    - Sakura/Core
  - SnapKit (5.0.1)
  - SwiftyUserDefaults (5.0.0)
  - WebViewJavascriptBridge (6.0.3)
  - Zip (1.1.0)

DEPENDENCIES:
  - CryptoSwift (~> 1.3)
  - GPUImage3 (from `./Bilibili/Podspec/GPUImage3.podspec`)
  - HandyJSON (~> 5.0.1)
  - Hero (~> 1.5)
  - IBAnimatable (~> 6.0)
  - Kingfisher (~> 5.13)
  - MJRefresh (~> 3.3)
  - R.swift (~> 5.1)
  - Reveal-SDK (~> 4)
  - RxSwift (~> 5)
  - Sakura (from `./Sakura`)
  - SnapKit (~> 5.0.0)
  - SwiftyUserDefaults (~> 5.0)
  - WebViewJavascriptBridge (~> 6.0)
  - Zip (~> 1.1)

SPEC REPOS:
  trunk:
    - CryptoSwift
    - HandyJSON
    - Hero
    - IBAnimatable
    - Kingfisher
    - MJRefresh
    - R.swift
    - R.swift.Library
    - Reveal-SDK
    - RxSwift
    - SnapKit
    - SwiftyUserDefaults
    - WebViewJavascriptBridge
    - Zip

EXTERNAL SOURCES:
  GPUImage3:
    :podspec: "./Bilibili/Podspec/GPUImage3.podspec"
  Sakura:
    :path: "./Sakura"

SPEC CHECKSUMS:
  CryptoSwift: 1283821600233bdbeb96d7b389c3288c3bf77211
  GPUImage3: 4cf3163a7d7d8a065815a2eff8c272e043ed1dab
  HandyJSON: d45b8415c501e3affc59ca9762c1197ff0feb646
  Hero: b7385b75e7259da62f4f85462f59a5082d66b058
  IBAnimatable: d49f9fee0c401b5b08d31b77256b77fb067e0e92
  Kingfisher: 0d334cada987fcddbe9b5cec516406e1ee9d4748
  MJRefresh: eeda70fbf0ad277f3178cef1cd0c3532591d6237
  R.swift: 8cbc4fc69b740305b6a17c8a8ed968eb788962d9
  R.swift.Library: fa85ce1e0d0b7e818cd9e080df910ba54d2776cc
  Reveal-SDK: 178c927f1a3230648d3a92b96f6e730a35b2750a
  RxSwift: e2dc62b366a3adf6a0be44ba9f405efd4c94e0c4
  Sakura: bcb5ef0381d35f05bd9e53affe8d62cc51503dad
  SnapKit: 97b92857e3df3a0c71833cce143274bf6ef8e5eb
  SwiftyUserDefaults: 33fcb42bd1feb53a37d873feb62c82967db5f7f6
  WebViewJavascriptBridge: 7f5bc4d3581e672e8f32bd0f812d54bc69bb8e29
  Zip: 8877eede3dda76bcac281225c20e71c25270774c

PODFILE CHECKSUM: d20c60a0a15104b2bc09f1d7e1447f1d816aa382

COCOAPODS: 1.8.4
